
Microsoft Visual Studio Solution File, Format Version 12.00
# Visual Studio Version 17
VisualStudioVersion = 17.7.34024.191
MinimumVisualStudioVersion = 10.0.40219.1
Project("{9A19103F-16F7-4668-BE54-9A1E7A4F7556}") = "BeqomTestSolution", "BeqomTestSolution\BeqomTestSolution.csproj", "{94ED3B75-1648-4481-8F6E-DE0038ACE8D4}"
EndProject
Project("{9A19103F-16F7-4668-BE54-9A1E7A4F7556}") = "Tests", "Tests\Tests.csproj", "{7B1A3CCB-BE3B-48DD-A02B-E9BA3932EF4B}"
EndProject
Project("{9A19103F-16F7-4668-BE54-9A1E7A4F7556}") = "TestProject1", "TestProject1\TestProject1.csproj", "{DBF80840-C2AD-4BCC-9F19-098DE8287E53}"
EndProject
Global
	GlobalSection(SolutionConfigurationPlatforms) = preSolution
		Debug|Any CPU = Debug|Any CPU
		Release|Any CPU = Release|Any CPU
	EndGlobalSection
	GlobalSection(ProjectConfigurationPlatforms) = postSolution
		{94ED3B75-1648-4481-8F6E-DE0038ACE8D4}.Debug|Any CPU.ActiveCfg = Debug|Any CPU
		{94ED3B75-1648-4481-8F6E-DE0038ACE8D4}.Debug|Any CPU.Build.0 = Debug|Any CPU
		{94ED3B75-1648-4481-8F6E-DE0038ACE8D4}.Release|Any CPU.ActiveCfg = Release|Any CPU
		{94ED3B75-1648-4481-8F6E-DE0038ACE8D4}.Release|Any CPU.Build.0 = Release|Any CPU
		{7B1A3CCB-BE3B-48DD-A02B-E9BA3932EF4B}.Debug|Any CPU.ActiveCfg = Debug|Any CPU
		{7B1A3CCB-BE3B-48DD-A02B-E9BA3932EF4B}.Debug|Any CPU.Build.0 = Debug|Any CPU
		{7B1A3CCB-BE3B-48DD-A02B-E9BA3932EF4B}.Release|Any CPU.ActiveCfg = Release|Any CPU
		{7B1A3CCB-BE3B-48DD-A02B-E9BA3932EF4B}.Release|Any CPU.Build.0 = Release|Any CPU
		{DBF80840-C2AD-4BCC-9F19-098DE8287E53}.Debug|Any CPU.ActiveCfg = Debug|Any CPU
		{DBF80840-C2AD-4BCC-9F19-098DE8287E53}.Debug|Any CPU.Build.0 = Debug|Any CPU
		{DBF80840-C2AD-4BCC-9F19-098DE8287E53}.Release|Any CPU.ActiveCfg = Release|Any CPU
		{DBF80840-C2AD-4BCC-9F19-098DE8287E53}.Release|Any CPU.Build.0 = Release|Any CPU
	EndGlobalSection
	GlobalSection(SolutionProperties) = preSolution
		HideSolutionNode = FALSE
	EndGlobalSection
	GlobalSection(ExtensibilityGlobals) = postSolution
		SolutionGuid = {B509D8E4-07A2-45B5-BE52-CAC845F64B04}
	EndGlobalSection
EndGlobal
